
Microsoft Visual Studio Solution File, Format Version 12.00
# Visual Studio Version 17
VisualStudioVersion = 17.11.35312.102
MinimumVisualStudioVersion = 10.0.40219.1
Project("{9A19103F-16F7-4668-BE54-9A1E7A4F7556}") = "QLBIDA.Module", "QLBIDA.Module\QLBIDA.Module.csproj", "{CB73692D-A359-4E31-BD24-F63B534E3819}"
EndProject
Project("{9A19103F-16F7-4668-BE54-9A1E7A4F7556}") = "QLBIDA.Blazor.Server", "QLBIDA.Blazor.Server\QLBIDA.Blazor.Server.csproj", "{043C7F6F-C455-4A17-A9C5-80634153C77B}"
EndProject
Global
	GlobalSection(SolutionConfigurationPlatforms) = preSolution
		Debug|Any CPU = Debug|Any CPU
		EasyTest|Any CPU = EasyTest|Any CPU
		Release|Any CPU = Release|Any CPU
	EndGlobalSection
	GlobalSection(ProjectConfigurationPlatforms) = postSolution
		{CB73692D-A359-4E31-BD24-F63B534E3819}.Debug|Any CPU.ActiveCfg = Debug|Any CPU
		{CB73692D-A359-4E31-BD24-F63B534E3819}.Debug|Any CPU.Build.0 = Debug|Any CPU
		{CB73692D-A359-4E31-BD24-F63B534E3819}.EasyTest|Any CPU.ActiveCfg = EasyTest|Any CPU
		{CB73692D-A359-4E31-BD24-F63B534E3819}.EasyTest|Any CPU.Build.0 = EasyTest|Any CPU
		{CB73692D-A359-4E31-BD24-F63B534E3819}.Release|Any CPU.ActiveCfg = Release|Any CPU
		{CB73692D-A359-4E31-BD24-F63B534E3819}.Release|Any CPU.Build.0 = Release|Any CPU
		{043C7F6F-C455-4A17-A9C5-80634153C77B}.Debug|Any CPU.ActiveCfg = Debug|Any CPU
		{043C7F6F-C455-4A17-A9C5-80634153C77B}.Debug|Any CPU.Build.0 = Debug|Any CPU
		{043C7F6F-C455-4A17-A9C5-80634153C77B}.EasyTest|Any CPU.ActiveCfg = EasyTest|Any CPU
		{043C7F6F-C455-4A17-A9C5-80634153C77B}.EasyTest|Any CPU.Build.0 = EasyTest|Any CPU
		{043C7F6F-C455-4A17-A9C5-80634153C77B}.Release|Any CPU.ActiveCfg = Release|Any CPU
		{043C7F6F-C455-4A17-A9C5-80634153C77B}.Release|Any CPU.Build.0 = Release|Any CPU
	EndGlobalSection
	GlobalSection(SolutionProperties) = preSolution
		HideSolutionNode = FALSE
	EndGlobalSection
	GlobalSection(ExtensibilityGlobals) = postSolution
		SolutionGuid = {CFB7ABE5-DAED-4FFC-BD71-789FD60430CF}
	EndGlobalSection
EndGlobal
